
Microsoft Visual Studio Solution File, Format Version 12.00
# Visual Studio Version 17
VisualStudioVersion = 17.7.34024.191
MinimumVisualStudioVersion = 10.0.40219.1
Project("{FAE04EC0-301F-11D3-BF4B-00C04F79EFBC}") = "QuestionSet1", "QuestionSet1\QuestionSet1.csproj", "{E9F4492A-6F50-467E-A40F-7C4D8ECE852E}"
EndProject
Global
	GlobalSection(SolutionConfigurationPlatforms) = preSolution
		Debug|Any CPU = Debug|Any CPU
		Release|Any CPU = Release|Any CPU
	EndGlobalSection
	GlobalSection(ProjectConfigurationPlatforms) = postSolution
		{E9F4492A-6F50-467E-A40F-7C4D8ECE852E}.Debug|Any CPU.ActiveCfg = Debug|Any CPU
		{E9F4492A-6F50-467E-A40F-7C4D8ECE852E}.Debug|Any CPU.Build.0 = Debug|Any CPU
		{E9F4492A-6F50-467E-A40F-7C4D8ECE852E}.Release|Any CPU.ActiveCfg = Release|Any CPU
		{E9F4492A-6F50-467E-A40F-7C4D8ECE852E}.Release|Any CPU.Build.0 = Release|Any CPU
	EndGlobalSection
	GlobalSection(SolutionProperties) = preSolution
		HideSolutionNode = FALSE
	EndGlobalSection
	GlobalSection(ExtensibilityGlobals) = postSolution
		SolutionGuid = {37A9AE05-5616-4180-A529-736F9DF6A28E}
	EndGlobalSection
EndGlobal
